
Microsoft Visual Studio Solution File, Format Version 12.00
# Visual Studio Version 17
VisualStudioVersion = 17.0.31903.59
MinimumVisualStudioVersion = 10.0.40219.1
Project("{FAE04EC0-301F-11D3-BF4B-00C04F79EFBC}") = "CloudBay", "CloudBay\CloudBay.csproj", "{083D9DBD-26A7-44D6-9A73-63F49FBE584F}"
EndProject
Project("{FAE04EC0-301F-11D3-BF4B-00C04F79EFBC}") = "CloudBay.Tests", "CloudBay.Tests\CloudBay.Tests.csproj", "{83470750-2D5A-438F-9287-210E59D9017E}"
EndProject
Global
	GlobalSection(SolutionConfigurationPlatforms) = preSolution
		Debug|Any CPU = Debug|Any CPU
		Release|Any CPU = Release|Any CPU
	EndGlobalSection
	GlobalSection(SolutionProperties) = preSolution
		HideSolutionNode = FALSE
	EndGlobalSection
	GlobalSection(ProjectConfigurationPlatforms) = postSolution
		{083D9DBD-26A7-44D6-9A73-63F49FBE584F}.Debug|Any CPU.ActiveCfg = Debug|x64
		{083D9DBD-26A7-44D6-9A73-63F49FBE584F}.Debug|Any CPU.Build.0 = Debug|x64
		{083D9DBD-26A7-44D6-9A73-63F49FBE584F}.Release|Any CPU.ActiveCfg = Release|x64
		{083D9DBD-26A7-44D6-9A73-63F49FBE584F}.Release|Any CPU.Build.0 = Release|x64
		{83470750-2D5A-438F-9287-210E59D9017E}.Debug|Any CPU.ActiveCfg = Debug|Any CPU
		{83470750-2D5A-438F-9287-210E59D9017E}.Debug|Any CPU.Build.0 = Debug|Any CPU
		{83470750-2D5A-438F-9287-210E59D9017E}.Release|Any CPU.ActiveCfg = Release|Any CPU
		{83470750-2D5A-438F-9287-210E59D9017E}.Release|Any CPU.Build.0 = Release|Any CPU
	EndGlobalSection
EndGlobal
